
Microsoft Visual Studio Solution File, Format Version 12.00
# Visual Studio Version 17
VisualStudioVersion = 17.0.31903.59
MinimumVisualStudioVersion = 10.0.40219.1
Project("{FAE04EC0-301F-11D3-BF4B-00C04F79EFBC}") = "ServiceA.Products", "ServiceA.Products\ServiceA.Products.csproj", "{366CBD4D-91E6-4BE3-9097-170064C81F40}"
EndProject
Project("{FAE04EC0-301F-11D3-BF4B-00C04F79EFBC}") = "ServiceB.Orders", "ServiceB.Orders\ServiceB.Orders.csproj", "{94947B2A-7BF2-4E31-956F-D818BE862C5E}"
EndProject
Project("{FAE04EC0-301F-11D3-BF4B-00C04F79EFBC}") = "ApiGateway", "ApiGateway\ApiGateway.csproj", "{B4C77477-A5BA-45A5-AF2F-3867E7F5F10F}"
EndProject
Global
	GlobalSection(SolutionConfigurationPlatforms) = preSolution
		Debug|Any CPU = Debug|Any CPU
		Debug|x64 = Debug|x64
		Debug|x86 = Debug|x86
		Release|Any CPU = Release|Any CPU
		Release|x64 = Release|x64
		Release|x86 = Release|x86
	EndGlobalSection
	GlobalSection(ProjectConfigurationPlatforms) = postSolution
		{366CBD4D-91E6-4BE3-9097-170064C81F40}.Debug|Any CPU.ActiveCfg = Debug|Any CPU
		{366CBD4D-91E6-4BE3-9097-170064C81F40}.Debug|Any CPU.Build.0 = Debug|Any CPU
		{366CBD4D-91E6-4BE3-9097-170064C81F40}.Debug|x64.ActiveCfg = Debug|Any CPU
		{366CBD4D-91E6-4BE3-9097-170064C81F40}.Debug|x64.Build.0 = Debug|Any CPU
		{366CBD4D-91E6-4BE3-9097-170064C81F40}.Debug|x86.ActiveCfg = Debug|Any CPU
		{366CBD4D-91E6-4BE3-9097-170064C81F40}.Debug|x86.Build.0 = Debug|Any CPU
		{366CBD4D-91E6-4BE3-9097-170064C81F40}.Release|Any CPU.ActiveCfg = Release|Any CPU
		{366CBD4D-91E6-4BE3-9097-170064C81F40}.Release|Any CPU.Build.0 = Release|Any CPU
		{366CBD4D-91E6-4BE3-9097-170064C81F40}.Release|x64.ActiveCfg = Release|Any CPU
		{366CBD4D-91E6-4BE3-9097-170064C81F40}.Release|x64.Build.0 = Release|Any CPU
		{366CBD4D-91E6-4BE3-9097-170064C81F40}.Release|x86.ActiveCfg = Release|Any CPU
		{366CBD4D-91E6-4BE3-9097-170064C81F40}.Release|x86.Build.0 = Release|Any CPU
		{94947B2A-7BF2-4E31-956F-D818BE862C5E}.Debug|Any CPU.ActiveCfg = Debug|Any CPU
		{94947B2A-7BF2-4E31-956F-D818BE862C5E}.Debug|Any CPU.Build.0 = Debug|Any CPU
		{94947B2A-7BF2-4E31-956F-D818BE862C5E}.Debug|x64.ActiveCfg = Debug|Any CPU
		{94947B2A-7BF2-4E31-956F-D818BE862C5E}.Debug|x64.Build.0 = Debug|Any CPU
		{94947B2A-7BF2-4E31-956F-D818BE862C5E}.Debug|x86.ActiveCfg = Debug|Any CPU
		{94947B2A-7BF2-4E31-956F-D818BE862C5E}.Debug|x86.Build.0 = Debug|Any CPU
		{94947B2A-7BF2-4E31-956F-D818BE862C5E}.Release|Any CPU.ActiveCfg = Release|Any CPU
		{94947B2A-7BF2-4E31-956F-D818BE862C5E}.Release|Any CPU.Build.0 = Release|Any CPU
		{94947B2A-7BF2-4E31-956F-D818BE862C5E}.Release|x64.ActiveCfg = Release|Any CPU
		{94947B2A-7BF2-4E31-956F-D818BE862C5E}.Release|x64.Build.0 = Release|Any CPU
		{94947B2A-7BF2-4E31-956F-D818BE862C5E}.Release|x86.ActiveCfg = Release|Any CPU
		{94947B2A-7BF2-4E31-956F-D818BE862C5E}.Release|x86.Build.0 = Release|Any CPU
		{B4C77477-A5BA-45A5-AF2F-3867E7F5F10F}.Debug|Any CPU.ActiveCfg = Debug|Any CPU
		{B4C77477-A5BA-45A5-AF2F-3867E7F5F10F}.Debug|Any CPU.Build.0 = Debug|Any CPU
		{B4C77477-A5BA-45A5-AF2F-3867E7F5F10F}.Debug|x64.ActiveCfg = Debug|Any CPU
		{B4C77477-A5BA-45A5-AF2F-3867E7F5F10F}.Debug|x64.Build.0 = Debug|Any CPU
		{B4C77477-A5BA-45A5-AF2F-3867E7F5F10F}.Debug|x86.ActiveCfg = Debug|Any CPU
		{B4C77477-A5BA-45A5-AF2F-3867E7F5F10F}.Debug|x86.Build.0 = Debug|Any CPU
		{B4C77477-A5BA-45A5-AF2F-3867E7F5F10F}.Release|Any CPU.ActiveCfg = Release|Any CPU
		{B4C77477-A5BA-45A5-AF2F-3867E7F5F10F}.Release|Any CPU.Build.0 = Release|Any CPU
		{B4C77477-A5BA-45A5-AF2F-3867E7F5F10F}.Release|x64.ActiveCfg = Release|Any CPU
		{B4C77477-A5BA-45A5-AF2F-3867E7F5F10F}.Release|x64.Build.0 = Release|Any CPU
		{B4C77477-A5BA-45A5-AF2F-3867E7F5F10F}.Release|x86.ActiveCfg = Release|Any CPU
		{B4C77477-A5BA-45A5-AF2F-3867E7F5F10F}.Release|x86.Build.0 = Release|Any CPU
	EndGlobalSection
	GlobalSection(SolutionProperties) = preSolution
		HideSolutionNode = FALSE
	EndGlobalSection
EndGlobal
