
Microsoft Visual Studio Solution File, Format Version 12.00
# Visual Studio Version 17
VisualStudioVersion = 17.0.31903.59
MinimumVisualStudioVersion = 10.0.40219.1
Project("{FAE04EC0-301F-11D3-BF4B-00C04F79EFBC}") = "LoginDemo.Api", "LoginDemo.Api\LoginDemo.Api.csproj", "{6D16B6AF-BB53-42E5-9259-0B24E7349DE0}"
EndProject
Project("{FAE04EC0-301F-11D3-BF4B-00C04F79EFBC}") = "LoginDemo.Web", "LoginDemo.Web\LoginDemo.Web.csproj", "{20B887A2-0819-49C6-8091-02C5FF107362}"
EndProject
Project("{FAE04EC0-301F-11D3-BF4B-00C04F79EFBC}") = "LoginDemo.WinForms", "LoginDemo.WinForms\LoginDemo.WinForms.csproj", "{584557D3-901A-49D8-92F6-3FBF0D5F71F8}"
EndProject
Global
	GlobalSection(SolutionConfigurationPlatforms) = preSolution
		Debug|Any CPU = Debug|Any CPU
		Debug|x64 = Debug|x64
		Debug|x86 = Debug|x86
		Release|Any CPU = Release|Any CPU
		Release|x64 = Release|x64
		Release|x86 = Release|x86
	EndGlobalSection
	GlobalSection(ProjectConfigurationPlatforms) = postSolution
		{6D16B6AF-BB53-42E5-9259-0B24E7349DE0}.Debug|Any CPU.ActiveCfg = Debug|Any CPU
		{6D16B6AF-BB53-42E5-9259-0B24E7349DE0}.Debug|Any CPU.Build.0 = Debug|Any CPU
		{6D16B6AF-BB53-42E5-9259-0B24E7349DE0}.Debug|x64.ActiveCfg = Debug|Any CPU
		{6D16B6AF-BB53-42E5-9259-0B24E7349DE0}.Debug|x64.Build.0 = Debug|Any CPU
		{6D16B6AF-BB53-42E5-9259-0B24E7349DE0}.Debug|x86.ActiveCfg = Debug|Any CPU
		{6D16B6AF-BB53-42E5-9259-0B24E7349DE0}.Debug|x86.Build.0 = Debug|Any CPU
		{6D16B6AF-BB53-42E5-9259-0B24E7349DE0}.Release|Any CPU.ActiveCfg = Release|Any CPU
		{6D16B6AF-BB53-42E5-9259-0B24E7349DE0}.Release|Any CPU.Build.0 = Release|Any CPU
		{6D16B6AF-BB53-42E5-9259-0B24E7349DE0}.Release|x64.ActiveCfg = Release|Any CPU
		{6D16B6AF-BB53-42E5-9259-0B24E7349DE0}.Release|x64.Build.0 = Release|Any CPU
		{6D16B6AF-BB53-42E5-9259-0B24E7349DE0}.Release|x86.ActiveCfg = Release|Any CPU
		{6D16B6AF-BB53-42E5-9259-0B24E7349DE0}.Release|x86.Build.0 = Release|Any CPU
		{20B887A2-0819-49C6-8091-02C5FF107362}.Debug|Any CPU.ActiveCfg = Debug|Any CPU
		{20B887A2-0819-49C6-8091-02C5FF107362}.Debug|Any CPU.Build.0 = Debug|Any CPU
		{20B887A2-0819-49C6-8091-02C5FF107362}.Debug|x64.ActiveCfg = Debug|Any CPU
		{20B887A2-0819-49C6-8091-02C5FF107362}.Debug|x64.Build.0 = Debug|Any CPU
		{20B887A2-0819-49C6-8091-02C5FF107362}.Debug|x86.ActiveCfg = Debug|Any CPU
		{20B887A2-0819-49C6-8091-02C5FF107362}.Debug|x86.Build.0 = Debug|Any CPU
		{20B887A2-0819-49C6-8091-02C5FF107362}.Release|Any CPU.ActiveCfg = Release|Any CPU
		{20B887A2-0819-49C6-8091-02C5FF107362}.Release|Any CPU.Build.0 = Release|Any CPU
		{20B887A2-0819-49C6-8091-02C5FF107362}.Release|x64.ActiveCfg = Release|Any CPU
		{20B887A2-0819-49C6-8091-02C5FF107362}.Release|x64.Build.0 = Release|Any CPU
		{20B887A2-0819-49C6-8091-02C5FF107362}.Release|x86.ActiveCfg = Release|Any CPU
		{20B887A2-0819-49C6-8091-02C5FF107362}.Release|x86.Build.0 = Release|Any CPU
		{584557D3-901A-49D8-92F6-3FBF0D5F71F8}.Debug|Any CPU.ActiveCfg = Debug|Any CPU
		{584557D3-901A-49D8-92F6-3FBF0D5F71F8}.Debug|Any CPU.Build.0 = Debug|Any CPU
		{584557D3-901A-49D8-92F6-3FBF0D5F71F8}.Debug|x64.ActiveCfg = Debug|Any CPU
		{584557D3-901A-49D8-92F6-3FBF0D5F71F8}.Debug|x64.Build.0 = Debug|Any CPU
		{584557D3-901A-49D8-92F6-3FBF0D5F71F8}.Debug|x86.ActiveCfg = Debug|Any CPU
		{584557D3-901A-49D8-92F6-3FBF0D5F71F8}.Debug|x86.Build.0 = Debug|Any CPU
		{584557D3-901A-49D8-92F6-3FBF0D5F71F8}.Release|Any CPU.ActiveCfg = Release|Any CPU
		{584557D3-901A-49D8-92F6-3FBF0D5F71F8}.Release|Any CPU.Build.0 = Release|Any CPU
		{584557D3-901A-49D8-92F6-3FBF0D5F71F8}.Release|x64.ActiveCfg = Release|Any CPU
		{584557D3-901A-49D8-92F6-3FBF0D5F71F8}.Release|x64.Build.0 = Release|Any CPU
		{584557D3-901A-49D8-92F6-3FBF0D5F71F8}.Release|x86.ActiveCfg = Release|Any CPU
		{584557D3-901A-49D8-92F6-3FBF0D5F71F8}.Release|x86.Build.0 = Release|Any CPU
	EndGlobalSection
	GlobalSection(SolutionProperties) = preSolution
		HideSolutionNode = FALSE
	EndGlobalSection
EndGlobal
