
Microsoft Visual Studio Solution File, Format Version 12.00
# Visual Studio Version 17
VisualStudioVersion = 17.0.31903.59
MinimumVisualStudioVersion = 10.0.40219.1
Project("{FAE04EC0-301F-11D3-BF4B-00C04F79EFBC}") = "UnitBarcodeScanner.Api", "UnitBarcodeScanner.Api\UnitBarcodeScanner.Api.csproj", "{F4E60D79-BBE2-4EE3-B559-2EB6EE7532DD}"
EndProject
Project("{FAE04EC0-301F-11D3-BF4B-00C04F79EFBC}") = "UnitBarcodeScanner.Web", "UnitBarcodeScanner.Web\UnitBarcodeScanner.Web.csproj", "{7C0858EB-ADC1-4C7D-AE85-F8578D1C560A}"
EndProject
Project("{FAE04EC0-301F-11D3-BF4B-00C04F79EFBC}") = "UnitBarcodeScanner.WinFormsScanner", "UnitBarcodeScanner.WinFormsScanner\UnitBarcodeScanner.WinFormsScanner.csproj", "{934F32FD-BDA2-4D92-A5EE-55E7A87AD74D}"
EndProject
Global
	GlobalSection(SolutionConfigurationPlatforms) = preSolution
		Debug|Any CPU = Debug|Any CPU
		Debug|x64 = Debug|x64
		Debug|x86 = Debug|x86
		Release|Any CPU = Release|Any CPU
		Release|x64 = Release|x64
		Release|x86 = Release|x86
	EndGlobalSection
	GlobalSection(ProjectConfigurationPlatforms) = postSolution
		{F4E60D79-BBE2-4EE3-B559-2EB6EE7532DD}.Debug|Any CPU.ActiveCfg = Debug|Any CPU
		{F4E60D79-BBE2-4EE3-B559-2EB6EE7532DD}.Debug|Any CPU.Build.0 = Debug|Any CPU
		{F4E60D79-BBE2-4EE3-B559-2EB6EE7532DD}.Debug|x64.ActiveCfg = Debug|Any CPU
		{F4E60D79-BBE2-4EE3-B559-2EB6EE7532DD}.Debug|x64.Build.0 = Debug|Any CPU
		{F4E60D79-BBE2-4EE3-B559-2EB6EE7532DD}.Debug|x86.ActiveCfg = Debug|Any CPU
		{F4E60D79-BBE2-4EE3-B559-2EB6EE7532DD}.Debug|x86.Build.0 = Debug|Any CPU
		{F4E60D79-BBE2-4EE3-B559-2EB6EE7532DD}.Release|Any CPU.ActiveCfg = Release|Any CPU
		{F4E60D79-BBE2-4EE3-B559-2EB6EE7532DD}.Release|Any CPU.Build.0 = Release|Any CPU
		{F4E60D79-BBE2-4EE3-B559-2EB6EE7532DD}.Release|x64.ActiveCfg = Release|Any CPU
		{F4E60D79-BBE2-4EE3-B559-2EB6EE7532DD}.Release|x64.Build.0 = Release|Any CPU
		{F4E60D79-BBE2-4EE3-B559-2EB6EE7532DD}.Release|x86.ActiveCfg = Release|Any CPU
		{F4E60D79-BBE2-4EE3-B559-2EB6EE7532DD}.Release|x86.Build.0 = Release|Any CPU
		{7C0858EB-ADC1-4C7D-AE85-F8578D1C560A}.Debug|Any CPU.ActiveCfg = Debug|Any CPU
		{7C0858EB-ADC1-4C7D-AE85-F8578D1C560A}.Debug|Any CPU.Build.0 = Debug|Any CPU
		{7C0858EB-ADC1-4C7D-AE85-F8578D1C560A}.Debug|x64.ActiveCfg = Debug|Any CPU
		{7C0858EB-ADC1-4C7D-AE85-F8578D1C560A}.Debug|x64.Build.0 = Debug|Any CPU
		{7C0858EB-ADC1-4C7D-AE85-F8578D1C560A}.Debug|x86.ActiveCfg = Debug|Any CPU
		{7C0858EB-ADC1-4C7D-AE85-F8578D1C560A}.Debug|x86.Build.0 = Debug|Any CPU
		{7C0858EB-ADC1-4C7D-AE85-F8578D1C560A}.Release|Any CPU.ActiveCfg = Release|Any CPU
		{7C0858EB-ADC1-4C7D-AE85-F8578D1C560A}.Release|Any CPU.Build.0 = Release|Any CPU
		{7C0858EB-ADC1-4C7D-AE85-F8578D1C560A}.Release|x64.ActiveCfg = Release|Any CPU
		{7C0858EB-ADC1-4C7D-AE85-F8578D1C560A}.Release|x64.Build.0 = Release|Any CPU
		{7C0858EB-ADC1-4C7D-AE85-F8578D1C560A}.Release|x86.ActiveCfg = Release|Any CPU
		{7C0858EB-ADC1-4C7D-AE85-F8578D1C560A}.Release|x86.Build.0 = Release|Any CPU
		{934F32FD-BDA2-4D92-A5EE-55E7A87AD74D}.Debug|Any CPU.ActiveCfg = Debug|Any CPU
		{934F32FD-BDA2-4D92-A5EE-55E7A87AD74D}.Debug|Any CPU.Build.0 = Debug|Any CPU
		{934F32FD-BDA2-4D92-A5EE-55E7A87AD74D}.Debug|x64.ActiveCfg = Debug|Any CPU
		{934F32FD-BDA2-4D92-A5EE-55E7A87AD74D}.Debug|x64.Build.0 = Debug|Any CPU
		{934F32FD-BDA2-4D92-A5EE-55E7A87AD74D}.Debug|x86.ActiveCfg = Debug|Any CPU
		{934F32FD-BDA2-4D92-A5EE-55E7A87AD74D}.Debug|x86.Build.0 = Debug|Any CPU
		{934F32FD-BDA2-4D92-A5EE-55E7A87AD74D}.Release|Any CPU.ActiveCfg = Release|Any CPU
		{934F32FD-BDA2-4D92-A5EE-55E7A87AD74D}.Release|Any CPU.Build.0 = Release|Any CPU
		{934F32FD-BDA2-4D92-A5EE-55E7A87AD74D}.Release|x64.ActiveCfg = Release|Any CPU
		{934F32FD-BDA2-4D92-A5EE-55E7A87AD74D}.Release|x64.Build.0 = Release|Any CPU
		{934F32FD-BDA2-4D92-A5EE-55E7A87AD74D}.Release|x86.ActiveCfg = Release|Any CPU
		{934F32FD-BDA2-4D92-A5EE-55E7A87AD74D}.Release|x86.Build.0 = Release|Any CPU
	EndGlobalSection
	GlobalSection(SolutionProperties) = preSolution
		HideSolutionNode = FALSE
	EndGlobalSection
EndGlobal
